
Microsoft Visual Studio Solution File, Format Version 12.00
# Visual Studio Version 17
VisualStudioVersion = 17.0.32112.339
MinimumVisualStudioVersion = 10.0.40219.1
Project("{2150E333-8FDC-42A3-9474-1A3956D46DE8}") = "src", "src", "{51FB05CB-F817-48A0-B147-6175AC6D9B3C}"
EndProject
Project("{2150E333-8FDC-42A3-9474-1A3956D46DE8}") = "tests", "tests", "{B2094E17-7066-4DE9-B6A0-00BB5EFD16F4}"
EndProject
Project("{9A19103F-16F7-4668-BE54-9A1E7A4F7556}") = "QaCoders-Net", "src\Api\QaCoders-Net.csproj", "{C1292B2A-D999-4620-8ED4-3E598A544E3B}"
EndProject
Project("{9A19103F-16F7-4668-BE54-9A1E7A4F7556}") = "QaCoders-Net.Tests", "tests\QaCoders-Net.Tests\QaCoders-Net.Tests.csproj", "{07EC70EA-7982-4195-BA8D-3564D2C12EAE}"
EndProject
Project("{2150E333-8FDC-42A3-9474-1A3956D46DE8}") = "client", "client", "{55686BC8-6E5E-4762-97CA-D28E036C4057}"
EndProject
Project("{FAE04EC0-301F-11D3-BF4B-00C04F79EFBC}") = "QaCoders-Net.Client", "client\QaCoders-Net.Client\QaCoders-Net.Client.csproj", "{CD0C7DF9-FE00-4B85-B239-24CBB1B1957D}"
EndProject
Project("{FAE04EC0-301F-11D3-BF4B-00C04F79EFBC}") = "QaCoders-Net.IntegratedTests", "tests\QaCoders-Net.IntegratedTests\QaCoders-Net.IntegratedTests.csproj", "{FF462C80-840C-4DDB-A62E-FBD058553C6A}"
EndProject
Global
	GlobalSection(SolutionConfigurationPlatforms) = preSolution
		Debug|Any CPU = Debug|Any CPU
		Release|Any CPU = Release|Any CPU
	EndGlobalSection
	GlobalSection(ProjectConfigurationPlatforms) = postSolution
		{C1292B2A-D999-4620-8ED4-3E598A544E3B}.Debug|Any CPU.ActiveCfg = Debug|Any CPU
		{C1292B2A-D999-4620-8ED4-3E598A544E3B}.Debug|Any CPU.Build.0 = Debug|Any CPU
		{C1292B2A-D999-4620-8ED4-3E598A544E3B}.Release|Any CPU.ActiveCfg = Release|Any CPU
		{C1292B2A-D999-4620-8ED4-3E598A544E3B}.Release|Any CPU.Build.0 = Release|Any CPU
		{07EC70EA-7982-4195-BA8D-3564D2C12EAE}.Debug|Any CPU.ActiveCfg = Debug|Any CPU
		{07EC70EA-7982-4195-BA8D-3564D2C12EAE}.Debug|Any CPU.Build.0 = Debug|Any CPU
		{07EC70EA-7982-4195-BA8D-3564D2C12EAE}.Release|Any CPU.ActiveCfg = Release|Any CPU
		{07EC70EA-7982-4195-BA8D-3564D2C12EAE}.Release|Any CPU.Build.0 = Release|Any CPU
		{CD0C7DF9-FE00-4B85-B239-24CBB1B1957D}.Debug|Any CPU.ActiveCfg = Debug|Any CPU
		{CD0C7DF9-FE00-4B85-B239-24CBB1B1957D}.Debug|Any CPU.Build.0 = Debug|Any CPU
		{CD0C7DF9-FE00-4B85-B239-24CBB1B1957D}.Release|Any CPU.ActiveCfg = Release|Any CPU
		{CD0C7DF9-FE00-4B85-B239-24CBB1B1957D}.Release|Any CPU.Build.0 = Release|Any CPU
		{FF462C80-840C-4DDB-A62E-FBD058553C6A}.Debug|Any CPU.ActiveCfg = Debug|Any CPU
		{FF462C80-840C-4DDB-A62E-FBD058553C6A}.Debug|Any CPU.Build.0 = Debug|Any CPU
		{FF462C80-840C-4DDB-A62E-FBD058553C6A}.Release|Any CPU.ActiveCfg = Release|Any CPU
		{FF462C80-840C-4DDB-A62E-FBD058553C6A}.Release|Any CPU.Build.0 = Release|Any CPU
	EndGlobalSection
	GlobalSection(SolutionProperties) = preSolution
		HideSolutionNode = FALSE
	EndGlobalSection
	GlobalSection(NestedProjects) = preSolution
		{C1292B2A-D999-4620-8ED4-3E598A544E3B} = {51FB05CB-F817-48A0-B147-6175AC6D9B3C}
		{07EC70EA-7982-4195-BA8D-3564D2C12EAE} = {B2094E17-7066-4DE9-B6A0-00BB5EFD16F4}
		{CD0C7DF9-FE00-4B85-B239-24CBB1B1957D} = {55686BC8-6E5E-4762-97CA-D28E036C4057}
		{FF462C80-840C-4DDB-A62E-FBD058553C6A} = {B2094E17-7066-4DE9-B6A0-00BB5EFD16F4}
	EndGlobalSection
	GlobalSection(ExtensibilityGlobals) = postSolution
		SolutionGuid = {C4956B72-C664-4D60-902D-7A7DA07EE047}
	EndGlobalSection
EndGlobal
